Microsoft Visual Studio Solution File, Format Version 12.00
# Visual Studio Version 17
VisualStudioVersion = 17.5.2.0
MinimumVisualStudioVersion = 10.0.40219.1
Project("{FAE04EC0-301F-11D3-BF4B-00C04F79EFBC}") = "My Collections", "My Collections.csproj", "{ABE55581-FECD-349E-6E73-0B45EA1D503E}"
EndProject
Global
	GlobalSection(SolutionConfigurationPlatforms) = preSolution
		Debug|Any CPU = Debug|Any CPU
		Release|Any CPU = Release|Any CPU
	EndGlobalSection
	GlobalSection(ProjectConfigurationPlatforms) = postSolution
		{ABE55581-FECD-349E-6E73-0B45EA1D503E}.Debug|Any CPU.ActiveCfg = Debug|Any CPU
		{ABE55581-FECD-349E-6E73-0B45EA1D503E}.Debug|Any CPU.Build.0 = Debug|Any CPU
		{ABE55581-FECD-349E-6E73-0B45EA1D503E}.Release|Any CPU.ActiveCfg = Release|Any CPU
		{ABE55581-FECD-349E-6E73-0B45EA1D503E}.Release|Any CPU.Build.0 = Release|Any CPU
	EndGlobalSection
	GlobalSection(SolutionProperties) = preSolution
		HideSolutionNode = FALSE
	EndGlobalSection
	GlobalSection(ExtensibilityGlobals) = postSolution
		SolutionGuid = {F5F13986-9C52-475B-9DC1-5FBCEFA586C5}
	EndGlobalSection
EndGlobal
